// !$*UTF8*$!
{
	archiveVersion = 1;
	classes = {
	};
	objectVersion = 70;
	objects = {

/* Begin PBXBuildFile section */
		4B1562282C153084001A0F57 /* ExpensePalApp.swift in Sources */ = {isa = PBXBuildFile; fileRef = 4B1562272C153084001A0F57 /* ExpensePalApp.swift */; };
		4B15622C2C153086001A0F57 /* Assets.xcassets in Resources */ = {isa = PBXBuildFile; fileRef = 4B15622B2C153086001A0F57 /* Assets.xcassets */; };
		4B15622F2C153086001A0F57 /* Preview Assets.xcassets in Resources */ = {isa = PBXBuildFile; fileRef = 4B15622E2C153086001A0F57 /* Preview Assets.xcassets */; };
		4B15623D2C167DCE001A0F57 /* DashboardView.swift in Sources */ = {isa = PBXBuildFile; fileRef = 4B15623C2C167DCE001A0F57 /* DashboardView.swift */; };
		4B15623F2C167DED001A0F57 /* ExpenseListView.swift in Sources */ = {isa = PBXBuildFile; fileRef = 4B15623E2C167DED001A0F57 /* ExpenseListView.swift */; };
		4B1562412C167E05001A0F57 /* ExpenseChartView.swift in Sources */ = {isa = PBXBuildFile; fileRef = 4B1562402C167E05001A0F57 /* ExpenseChartView.swift */; };
		4B1562432C167E14001A0F57 /* SettingsView.swift in Sources */ = {isa = PBXBuildFile; fileRef = 4B1562422C167E14001A0F57 /* SettingsView.swift */; };
		4B1562472C1682AF001A0F57 /* HomeTabView.swift in Sources */ = {isa = PBXBuildFile; fileRef = 4B1562462C1682AF001A0F57 /* HomeTabView.swift */; };
		4B1562492C16871C001A0F57 /* AppEnums.swift in Sources */ = {isa = PBXBuildFile; fileRef = 4B1562482C16871C001A0F57 /* AppEnums.swift */; };
		4B3377752C41B2D50046D86A /* AddExpenseViewModel.swift in Sources */ = {isa = PBXBuildFile; fileRef = 4B3377742C41B2D50046D86A /* AddExpenseViewModel.swift */; };
		4B47FB1A2C1F662B006457E3 /* AddExpenseView.swift in Sources */ = {isa = PBXBuildFile; fileRef = 4B47FB192C1F662B006457E3 /* AddExpenseView.swift */; };
		4B47FB1C2C1F68D3006457E3 /* RoundedStrokeButton.swift in Sources */ = {isa = PBXBuildFile; fileRef = 4B47FB1B2C1F68D3006457E3 /* RoundedStrokeButton.swift */; };
		4B47FB202C1F773D006457E3 /* KeyPad.swift in Sources */ = {isa = PBXBuildFile; fileRef = 4B47FB1F2C1F773D006457E3 /* KeyPad.swift */; };
		4B47FB232C1F87E8006457E3 /* EmojiPicker in Frameworks */ = {isa = PBXBuildFile; productRef = 4B47FB222C1F87E8006457E3 /* EmojiPicker */; };
		4B47FB252C1F8A47006457E3 /* LimitedEmojiProvider.swift in Sources */ = {isa = PBXBuildFile; fileRef = 4B47FB242C1F8A47006457E3 /* LimitedEmojiProvider.swift */; };
		4B47FB432C20B83C006457E3 /* PreviewData.swift in Sources */ = {isa = PBXBuildFile; fileRef = 4B47FB422C20B83C006457E3 /* PreviewData.swift */; };
		4B47FB482C21FF53006457E3 /* LinePlotEntry.swift in Sources */ = {isa = PBXBuildFile; fileRef = 4B47FB472C21FF53006457E3 /* LinePlotEntry.swift */; };
		4B47FB4D2C221C26006457E3 /* ExpensesMockData.json in Resources */ = {isa = PBXBuildFile; fileRef = 4B47FB4C2C221C26006457E3 /* ExpensesMockData.json */; };
		4B79DD2E2C3A2C7200B62F9C /* BarChartPresenter.swift in Sources */ = {isa = PBXBuildFile; fileRef = 4B79DD2D2C3A2C7200B62F9C /* BarChartPresenter.swift */; };
		4B79DD302C3A316B00B62F9C /* BarChartPresenterViewModel.swift in Sources */ = {isa = PBXBuildFile; fileRef = 4B79DD2F2C3A316B00B62F9C /* BarChartPresenterViewModel.swift */; };
		4B79DD322C3A32C200B62F9C /* ChartComponentView.swift in Sources */ = {isa = PBXBuildFile; fileRef = 4B79DD312C3A32C200B62F9C /* ChartComponentView.swift */; };
		4B79DD352C3CF9BF00B62F9C /* SwipeActions in Frameworks */ = {isa = PBXBuildFile; productRef = 4B79DD342C3CF9BF00B62F9C /* SwipeActions */; };
		4B865CEE2C570C0F000E799B /* VNDocumentViewControllerRepresentable.swift in Sources */ = {isa = PBXBuildFile; fileRef = 4B865CED2C570C0F000E799B /* VNDocumentViewControllerRepresentable.swift */; };
		4B865CF52C580108000E799B /* ExtractedReceiptDetails.swift in Sources */ = {isa = PBXBuildFile; fileRef = 4B865CF42C580108000E799B /* ExtractedReceiptDetails.swift */; };
		4B865CF82C582FBA000E799B /* GoogleGenerativeAI in Frameworks */ = {isa = PBXBuildFile; productRef = 4B865CF72C582FBA000E799B /* GoogleGenerativeAI */; };
		4B865CFA2C58339E000E799B /* APIKeyGenAI.swift in Sources */ = {isa = PBXBuildFile; fileRef = 4B865CF92C58339E000E799B /* APIKeyGenAI.swift */; };
		4B865CFC2C58387D000E799B /* GenerativeAI-Info.plist in Resources */ = {isa = PBXBuildFile; fileRef = 4B865CFB2C58387D000E799B /* GenerativeAI-Info.plist */; };
		4B865CFE2C583DE4000E799B /* GenAIResponse.swift in Sources */ = {isa = PBXBuildFile; fileRef = 4B865CFD2C583DE4000E799B /* GenAIResponse.swift */; };
		4B865D132C5957B2000E799B /* LaunchScreen.swift in Sources */ = {isa = PBXBuildFile; fileRef = 4B865D122C5957B2000E799B /* LaunchScreen.swift */; };
		4B9EAD672C19410100A455AD /* TestView.swift in Sources */ = {isa = PBXBuildFile; fileRef = 4B9EAD662C19410100A455AD /* TestView.swift */; };
		4BA9CD792C6509ED009FB355 /* dev.xcconfig in Resources */ = {isa = PBXBuildFile; fileRef = 4BA9CD782C6509C4009FB355 /* dev.xcconfig */; };
		4BA9CD7B2C650A20009FB355 /* prod.xcconfig in Resources */ = {isa = PBXBuildFile; fileRef = 4BA9CD7A2C650A20009FB355 /* prod.xcconfig */; };
		4BBE0AA72C1810B00097392F /* FilterHeaderView.swift in Sources */ = {isa = PBXBuildFile; fileRef = 4BBE0AA62C1810B00097392F /* FilterHeaderView.swift */; };
		4BE52EC92C1E6E20002CF094 /* CustomTabBar.swift in Sources */ = {isa = PBXBuildFile; fileRef = 4BE52EC82C1E6E20002CF094 /* CustomTabBar.swift */; };
		4BE52ECB2C1EA724002CF094 /* ExpenseListCell.swift in Sources */ = {isa = PBXBuildFile; fileRef = 4BE52ECA2C1EA724002CF094 /* ExpenseListCell.swift */; };
		4BE52ED02C1F4852002CF094 /* MockData.swift in Sources */ = {isa = PBXBuildFile; fileRef = 4BE52ECF2C1F4852002CF094 /* MockData.swift */; };
		4BE52ED22C1F48C9002CF094 /* Expense.swift in Sources */ = {isa = PBXBuildFile; fileRef = 4BE52ED12C1F48C9002CF094 /* Expense.swift */; };
		4BEF3A042C30FE02000F9A63 /* HomeChartRefactored.swift in Sources */ = {isa = PBXBuildFile; fileRef = 4BEF3A032C30FE02000F9A63 /* HomeChartRefactored.swift */; };
		4BEF3A062C30FEE8000F9A63 /* HomeChartRefactoredModel.swift in Sources */ = {isa = PBXBuildFile; fileRef = 4BEF3A052C30FEE8000F9A63 /* HomeChartRefactoredModel.swift */; };
		4BEF4ABC2C1F4AF700CFD46A /* DashboardViewModel.swift in Sources */ = {isa = PBXBuildFile; fileRef = 4BEF4ABB2C1F4AF700CFD46A /* DashboardViewModel.swift */; };
		4BF317E72C23344D00DC378B /* QueryFetchHelpers.swift in Sources */ = {isa = PBXBuildFile; fileRef = 4BF317E62C23344D00DC378B /* QueryFetchHelpers.swift */; };
		4BF317EA2C23AA3F00DC378B /* Extensions.swift in Sources */ = {isa = PBXBuildFile; fileRef = 4BF317E92C23AA3F00DC378B /* Extensions.swift */; };
		4BF317EC2C274BE600DC378B /* ExpenseSearchView.swift in Sources */ = {isa = PBXBuildFile; fileRef = 4BF317EB2C274BE600DC378B /* ExpenseSearchView.swift */; };
		4BF317EE2C275F0D00DC378B /* ExpenseList.swift in Sources */ = {isa = PBXBuildFile; fileRef = 4BF317ED2C275F0D00DC378B /* ExpenseList.swift */; };
		4BF317F42C27B77700DC378B /* DarkModeViewModifier.swift in Sources */ = {isa = PBXBuildFile; fileRef = 4BF317F32C27B77700DC378B /* DarkModeViewModifier.swift */; };
/* End PBXBuildFile section */

/* Begin PBXContainerItemProxy section */
		4BA9CD842C65298F009FB355 /* PBXContainerItemProxy */ = {
			isa = PBXContainerItemProxy;
			containerPortal = 4B15621C2C153084001A0F57 /* Project object */;
			proxyType = 1;
			remoteGlobalIDString = 4B1562232C153084001A0F57;
			remoteInfo = ExpensePal;
		};
/* End PBXContainerItemProxy section */

/* Begin PBXFileReference section */
		4B1562242C153084001A0F57 /* ExpensePal.app */ = {isa = PBXFileReference; explicitFileType = wrapper.application; includeInIndex = 0; path = ExpensePal.app; sourceTree = BUILT_PRODUCTS_DIR; };
		4B1562272C153084001A0F57 /* ExpensePalApp.swift */ = {isa = PBXFileReference; lastKnownFileType = sourcecode.swift; path = ExpensePalApp.swift; sourceTree = "<group>"; };
		4B15622B2C153086001A0F57 /* Assets.xcassets */ = {isa = PBXFileReference; lastKnownFileType = folder.assetcatalog; path = Assets.xcassets; sourceTree = "<group>"; };
		4B15622E2C153086001A0F57 /* Preview Assets.xcassets */ = {isa = PBXFileReference; lastKnownFileType = folder.assetcatalog; path = "Preview Assets.xcassets"; sourceTree = "<group>"; };
		4B15623C2C167DCE001A0F57 /* DashboardView.swift */ = {isa = PBXFileReference; lastKnownFileType = sourcecode.swift; path = DashboardView.swift; sourceTree = "<group>"; };
		4B15623E2C167DED001A0F57 /* ExpenseListView.swift */ = {isa = PBXFileReference; lastKnownFileType = sourcecode.swift; path = ExpenseListView.swift; sourceTree = "<group>"; };
		4B1562402C167E05001A0F57 /* ExpenseChartView.swift */ = {isa = PBXFileReference; lastKnownFileType = sourcecode.swift; path = ExpenseChartView.swift; sourceTree = "<group>"; };
		4B1562422C167E14001A0F57 /* SettingsView.swift */ = {isa = PBXFileReference; lastKnownFileType = sourcecode.swift; path = SettingsView.swift; sourceTree = "<group>"; };
		4B1562462C1682AF001A0F57 /* HomeTabView.swift */ = {isa = PBXFileReference; lastKnownFileType = sourcecode.swift; path = HomeTabView.swift; sourceTree = "<group>"; };
		4B1562482C16871C001A0F57 /* AppEnums.swift */ = {isa = PBXFileReference; lastKnownFileType = sourcecode.swift; path = AppEnums.swift; sourceTree = "<group>"; };
		4B3377742C41B2D50046D86A /* AddExpenseViewModel.swift */ = {isa = PBXFileReference; lastKnownFileType = sourcecode.swift; path = AddExpenseViewModel.swift; sourceTree = "<group>"; };
		4B47FB192C1F662B006457E3 /* AddExpenseView.swift */ = {isa = PBXFileReference; lastKnownFileType = sourcecode.swift; path = AddExpenseView.swift; sourceTree = "<group>"; };
		4B47FB1B2C1F68D3006457E3 /* RoundedStrokeButton.swift */ = {isa = PBXFileReference; lastKnownFileType = sourcecode.swift; path = RoundedStrokeButton.swift; sourceTree = "<group>"; };
		4B47FB1F2C1F773D006457E3 /* KeyPad.swift */ = {isa = PBXFileReference; lastKnownFileType = sourcecode.swift; path = KeyPad.swift; sourceTree = "<group>"; };
		4B47FB242C1F8A47006457E3 /* LimitedEmojiProvider.swift */ = {isa = PBXFileReference; lastKnownFileType = sourcecode.swift; path = LimitedEmojiProvider.swift; sourceTree = "<group>"; };
		4B47FB422C20B83C006457E3 /* PreviewData.swift */ = {isa = PBXFileReference; lastKnownFileType = sourcecode.swift; path = PreviewData.swift; sourceTree = "<group>"; };
		4B47FB472C21FF53006457E3 /* LinePlotEntry.swift */ = {isa = PBXFileReference; lastKnownFileType = sourcecode.swift; path = LinePlotEntry.swift; sourceTree = "<group>"; };
		4B47FB4C2C221C26006457E3 /* ExpensesMockData.json */ = {isa = PBXFileReference; lastKnownFileType = text.json; path = ExpensesMockData.json; sourceTree = "<group>"; };
		4B79DD2D2C3A2C7200B62F9C /* BarChartPresenter.swift */ = {isa = PBXFileReference; lastKnownFileType = sourcecode.swift; path = BarChartPresenter.swift; sourceTree = "<group>"; };
		4B79DD2F2C3A316B00B62F9C /* BarChartPresenterViewModel.swift */ = {isa = PBXFileReference; lastKnownFileType = sourcecode.swift; path = BarChartPresenterViewModel.swift; sourceTree = "<group>"; };
		4B79DD312C3A32C200B62F9C /* ChartComponentView.swift */ = {isa = PBXFileReference; lastKnownFileType = sourcecode.swift; path = ChartComponentView.swift; sourceTree = "<group>"; };
		4B865CED2C570C0F000E799B /* VNDocumentViewControllerRepresentable.swift */ = {isa = PBXFileReference; lastKnownFileType = sourcecode.swift; path = VNDocumentViewControllerRepresentable.swift; sourceTree = "<group>"; };
		4B865CF42C580108000E799B /* ExtractedReceiptDetails.swift */ = {isa = PBXFileReference; lastKnownFileType = sourcecode.swift; path = ExtractedReceiptDetails.swift; sourceTree = "<group>"; };
		4B865CF92C58339E000E799B /* APIKeyGenAI.swift */ = {isa = PBXFileReference; lastKnownFileType = sourcecode.swift; path = APIKeyGenAI.swift; sourceTree = "<group>"; };
		4B865CFB2C58387D000E799B /* GenerativeAI-Info.plist */ = {isa = PBXFileReference; lastKnownFileType = text.plist.xml; path = "GenerativeAI-Info.plist"; sourceTree = "<group>"; };
		4B865CFD2C583DE4000E799B /* GenAIResponse.swift */ = {isa = PBXFileReference; lastKnownFileType = sourcecode.swift; path = GenAIResponse.swift; sourceTree = "<group>"; };
		4B865D122C5957B2000E799B /* LaunchScreen.swift */ = {isa = PBXFileReference; lastKnownFileType = sourcecode.swift; path = LaunchScreen.swift; sourceTree = "<group>"; };
		4B9EAD662C19410100A455AD /* TestView.swift */ = {isa = PBXFileReference; lastKnownFileType = sourcecode.swift; path = TestView.swift; sourceTree = "<group>"; };
		4BA9CD782C6509C4009FB355 /* dev.xcconfig */ = {isa = PBXFileReference; lastKnownFileType = text.xcconfig; path = dev.xcconfig; sourceTree = "<group>"; };
		4BA9CD7A2C650A20009FB355 /* prod.xcconfig */ = {isa = PBXFileReference; lastKnownFileType = text.xcconfig; path = prod.xcconfig; sourceTree = "<group>"; };
		4BA9CD802C65298F009FB355 /* ExpensePalTests.xctest */ = {isa = PBXFileReference; explicitFileType = wrapper.cfbundle; includeInIndex = 0; path = ExpensePalTests.xctest; sourceTree = BUILT_PRODUCTS_DIR; };
		4BAFFC042C55A90A00E2626E /* ExpensePal.entitlements */ = {isa = PBXFileReference; lastKnownFileType = text.plist.entitlements; path = ExpensePal.entitlements; sourceTree = "<group>"; };
		4BAFFC052C55AB7900E2626E /* Info.plist */ = {isa = PBXFileReference; lastKnownFileType = text.plist; path = Info.plist; sourceTree = "<group>"; };
		4BBE0AA62C1810B00097392F /* FilterHeaderView.swift */ = {isa = PBXFileReference; lastKnownFileType = sourcecode.swift; path = FilterHeaderView.swift; sourceTree = "<group>"; };
		4BE52EC82C1E6E20002CF094 /* CustomTabBar.swift */ = {isa = PBXFileReference; lastKnownFileType = sourcecode.swift; path = CustomTabBar.swift; sourceTree = "<group>"; };
		4BE52ECA2C1EA724002CF094 /* ExpenseListCell.swift */ = {isa = PBXFileReference; lastKnownFileType = sourcecode.swift; path = ExpenseListCell.swift; sourceTree = "<group>"; };
		4BE52ECF2C1F4852002CF094 /* MockData.swift */ = {isa = PBXFileReference; lastKnownFileType = sourcecode.swift; path = MockData.swift; sourceTree = "<group>"; };
		4BE52ED12C1F48C9002CF094 /* Expense.swift */ = {isa = PBXFileReference; lastKnownFileType = sourcecode.swift; path = Expense.swift; sourceTree = "<group>"; };
		4BEF3A032C30FE02000F9A63 /* HomeChartRefactored.swift */ = {isa = PBXFileReference; lastKnownFileType = sourcecode.swift; path = HomeChartRefactored.swift; sourceTree = "<group>"; };
		4BEF3A052C30FEE8000F9A63 /* HomeChartRefactoredModel.swift */ = {isa = PBXFileReference; lastKnownFileType = sourcecode.swift; path = HomeChartRefactoredModel.swift; sourceTree = "<group>"; };
		4BEF4ABB2C1F4AF700CFD46A /* DashboardViewModel.swift */ = {isa = PBXFileReference; lastKnownFileType = sourcecode.swift; path = DashboardViewModel.swift; sourceTree = "<group>"; };
		4BF317E62C23344D00DC378B /* QueryFetchHelpers.swift */ = {isa = PBXFileReference; lastKnownFileType = sourcecode.swift; path = QueryFetchHelpers.swift; sourceTree = "<group>"; };
		4BF317E92C23AA3F00DC378B /* Extensions.swift */ = {isa = PBXFileReference; lastKnownFileType = sourcecode.swift; path = Extensions.swift; sourceTree = "<group>"; };
		4BF317EB2C274BE600DC378B /* ExpenseSearchView.swift */ = {isa = PBXFileReference; lastKnownFileType = sourcecode.swift; path = ExpenseSearchView.swift; sourceTree = "<group>"; };
		4BF317ED2C275F0D00DC378B /* ExpenseList.swift */ = {isa = PBXFileReference; lastKnownFileType = sourcecode.swift; path = ExpenseList.swift; sourceTree = "<group>"; };
		4BF317F32C27B77700DC378B /* DarkModeViewModifier.swift */ = {isa = PBXFileReference; lastKnownFileType = sourcecode.swift; path = DarkModeViewModifier.swift; sourceTree = "<group>"; };
/* End PBXFileReference section */

/* Begin PBXFileSystemSynchronizedRootGroup section */
		4BA9CD812C65298F009FB355 /* ExpensePalTests */ = {isa = PBXFileSystemSynchronizedRootGroup; explicitFileTypes = {}; explicitFolders = (); path = ExpensePalTests; sourceTree = "<group>"; };
/* End PBXFileSystemSynchronizedRootGroup section */

/* Begin PBXFrameworksBuildPhase section */
		4B1562212C153084001A0F57 /* Frameworks */ = {
			isa = PBXFrameworksBuildPhase;
			buildActionMask = 2147483647;
			files = (
				4B865CF82C582FBA000E799B /* GoogleGenerativeAI in Frameworks */,
				4B47FB232C1F87E8006457E3 /* EmojiPicker in Frameworks */,
				4B79DD352C3CF9BF00B62F9C /* SwipeActions in Frameworks */,
			);
			runOnlyForDeploymentPostprocessing = 0;
		};
		4BA9CD7D2C65298F009FB355 /* Frameworks */ = {
			isa = PBXFrameworksBuildPhase;
			buildActionMask = 2147483647;
			files = (
			);
			runOnlyForDeploymentPostprocessing = 0;
		};
/* End PBXFrameworksBuildPhase section */

/* Begin PBXGroup section */
		4B15621B2C153084001A0F57 = {
			isa = PBXGroup;
			children = (
				4B1562262C153084001A0F57 /* ExpensePal */,
				4BA9CD812C65298F009FB355 /* ExpensePalTests */,
				4B1562252C153084001A0F57 /* Products */,
			);
			sourceTree = "<group>";
		};
		4B1562252C153084001A0F57 /* Products */ = {
			isa = PBXGroup;
			children = (
				4B1562242C153084001A0F57 /* ExpensePal.app */,
				4BA9CD802C65298F009FB355 /* ExpensePalTests.xctest */,
			);
			name = Products;
			sourceTree = "<group>";
		};
		4B1562262C153084001A0F57 /* ExpensePal */ = {
			isa = PBXGroup;
			children = (
				4BA9CD782C6509C4009FB355 /* dev.xcconfig */,
				4BA9CD7A2C650A20009FB355 /* prod.xcconfig */,
				4B865CFB2C58387D000E799B /* GenerativeAI-Info.plist */,
				4BAFFC052C55AB7900E2626E /* Info.plist */,
				4BAFFC042C55A90A00E2626E /* ExpensePal.entitlements */,
				4BF317E82C233A0400DC378B /* Utilities */,
				4BE52ECE2C1F4843002CF094 /* Model */,
				4B2B34152C1E685900D2B378 /* Views */,
				4BBE0AA52C180EB00097392F /* Components */,
				4B1562272C153084001A0F57 /* ExpensePalApp.swift */,
				4B15622B2C153086001A0F57 /* Assets.xcassets */,
				4B15622D2C153086001A0F57 /* Preview Content */,
				4B1562482C16871C001A0F57 /* AppEnums.swift */,
			);
			path = ExpensePal;
			sourceTree = "<group>";
		};
		4B15622D2C153086001A0F57 /* Preview Content */ = {
			isa = PBXGroup;
			children = (
				4B15622E2C153086001A0F57 /* Preview Assets.xcassets */,
				4B47FB422C20B83C006457E3 /* PreviewData.swift */,
			);
			path = "Preview Content";
			sourceTree = "<group>";
		};
		4B2B34152C1E685900D2B378 /* Views */ = {
			isa = PBXGroup;
			children = (
				4BF317EB2C274BE600DC378B /* ExpenseSearchView.swift */,
				4BE52ED32C1F4A8D002CF094 /* DashboardView */,
				4B1562462C1682AF001A0F57 /* HomeTabView.swift */,
				4B15623E2C167DED001A0F57 /* ExpenseListView.swift */,
				4B79DD2C2C3A2BE200B62F9C /* ExpenseChartView */,
				4B1562422C167E14001A0F57 /* SettingsView.swift */,
				4B3377732C41B29F0046D86A /* AddExpenseView */,
				4B865CEF2C5710AF000E799B /* ReceiptScanner */,
				4B865D122C5957B2000E799B /* LaunchScreen.swift */,
			);
			path = Views;
			sourceTree = "<group>";
		};
		4B3377732C41B29F0046D86A /* AddExpenseView */ = {
			isa = PBXGroup;
			children = (
				4B47FB192C1F662B006457E3 /* AddExpenseView.swift */,
				4B3377742C41B2D50046D86A /* AddExpenseViewModel.swift */,
			);
			path = AddExpenseView;
			sourceTree = "<group>";
		};
		4B47FB4E2C222392006457E3 /* MockDataFiles */ = {
			isa = PBXGroup;
			children = (
				4B47FB4C2C221C26006457E3 /* ExpensesMockData.json */,
				4BE52ECF2C1F4852002CF094 /* MockData.swift */,
			);
			path = MockDataFiles;
			sourceTree = "<group>";
		};
		4B79DD2C2C3A2BE200B62F9C /* ExpenseChartView */ = {
			isa = PBXGroup;
			children = (
				4B1562402C167E05001A0F57 /* ExpenseChartView.swift */,
				4B79DD2D2C3A2C7200B62F9C /* BarChartPresenter.swift */,
				4B79DD2F2C3A316B00B62F9C /* BarChartPresenterViewModel.swift */,
				4B79DD312C3A32C200B62F9C /* ChartComponentView.swift */,
			);
			path = ExpenseChartView;
			sourceTree = "<group>";
		};
		4B865CEF2C5710AF000E799B /* ReceiptScanner */ = {
			isa = PBXGroup;
			children = (
				4B865CED2C570C0F000E799B /* VNDocumentViewControllerRepresentable.swift */,
			);
			path = ReceiptScanner;
			sourceTree = "<group>";
		};
		4BBE0AA52C180EB00097392F /* Components */ = {
			isa = PBXGroup;
			children = (
				4BEF3A022C30FDE5000F9A63 /* HomeChartComponentRefactored */,
				4BBE0AA62C1810B00097392F /* FilterHeaderView.swift */,
				4B9EAD662C19410100A455AD /* TestView.swift */,
				4BE52EC82C1E6E20002CF094 /* CustomTabBar.swift */,
				4BE52ECA2C1EA724002CF094 /* ExpenseListCell.swift */,
				4B47FB1B2C1F68D3006457E3 /* RoundedStrokeButton.swift */,
				4B47FB1F2C1F773D006457E3 /* KeyPad.swift */,
				4BF317ED2C275F0D00DC378B /* ExpenseList.swift */,
			);
			path = Components;
			sourceTree = "<group>";
		};
		4BE52ECE2C1F4843002CF094 /* Model */ = {
			isa = PBXGroup;
			children = (
				4B47FB4E2C222392006457E3 /* MockDataFiles */,
				4BE52ED12C1F48C9002CF094 /* Expense.swift */,
				4B47FB242C1F8A47006457E3 /* LimitedEmojiProvider.swift */,
				4B47FB472C21FF53006457E3 /* LinePlotEntry.swift */,
				4B865CF42C580108000E799B /* ExtractedReceiptDetails.swift */,
				4B865CFD2C583DE4000E799B /* GenAIResponse.swift */,
			);
			path = Model;
			sourceTree = "<group>";
		};
		4BE52ED32C1F4A8D002CF094 /* DashboardView */ = {
			isa = PBXGroup;
			children = (
				4B15623C2C167DCE001A0F57 /* DashboardView.swift */,
				4BEF4ABB2C1F4AF700CFD46A /* DashboardViewModel.swift */,
			);
			path = DashboardView;
			sourceTree = "<group>";
		};
		4BEF3A022C30FDE5000F9A63 /* HomeChartComponentRefactored */ = {
			isa = PBXGroup;
			children = (
				4BEF3A032C30FE02000F9A63 /* HomeChartRefactored.swift */,
				4BEF3A052C30FEE8000F9A63 /* HomeChartRefactoredModel.swift */,
			);
			path = HomeChartComponentRefactored;
			sourceTree = "<group>";
		};
		4BF317E82C233A0400DC378B /* Utilities */ = {
			isa = PBXGroup;
			children = (
				4BF317E62C23344D00DC378B /* QueryFetchHelpers.swift */,
				4BF317E92C23AA3F00DC378B /* Extensions.swift */,
				4BF317F32C27B77700DC378B /* DarkModeViewModifier.swift */,
				4B865CF92C58339E000E799B /* APIKeyGenAI.swift */,
			);
			path = Utilities;
			sourceTree = "<group>";
		};
/* End PBXGroup section */

/* Begin PBXNativeTarget section */
		4B1562232C153084001A0F57 /* ExpensePal */ = {
			isa = PBXNativeTarget;
			buildConfigurationList = 4B1562322C153086001A0F57 /* Build configuration list for PBXNativeTarget "ExpensePal" */;
			buildPhases = (
				4B1562202C153084001A0F57 /* Sources */,
				4B1562212C153084001A0F57 /* Frameworks */,
				4B1562222C153084001A0F57 /* Resources */,
			);
			buildRules = (
			);
			dependencies = (
			);
			name = ExpensePal;
			packageProductDependencies = (
				4B47FB222C1F87E8006457E3 /* EmojiPicker */,
				4B79DD342C3CF9BF00B62F9C /* SwipeActions */,
				4B865CF72C582FBA000E799B /* GoogleGenerativeAI */,
			);
			productName = ExpensePal;
			productReference = 4B1562242C153084001A0F57 /* ExpensePal.app */;
			productType = "com.apple.product-type.application";
		};
		4BA9CD7F2C65298F009FB355 /* ExpensePalTests */ = {
			isa = PBXNativeTarget;
			buildConfigurationList = 4BA9CD862C65298F009FB355 /* Build configuration list for PBXNativeTarget "ExpensePalTests" */;
			buildPhases = (
				4BA9CD7C2C65298F009FB355 /* Sources */,
				4BA9CD7D2C65298F009FB355 /* Frameworks */,
				4BA9CD7E2C65298F009FB355 /* Resources */,
			);
			buildRules = (
			);
			dependencies = (
				4BA9CD852C65298F009FB355 /* PBXTargetDependency */,
			);
			fileSystemSynchronizedGroups = (
				4BA9CD812C65298F009FB355 /* ExpensePalTests */,
			);
			name = ExpensePalTests;
			packageProductDependencies = (
			);
			productName = ExpensePalTests;
			productReference = 4BA9CD802C65298F009FB355 /* ExpensePalTests.xctest */;
			productType = "com.apple.product-type.bundle.unit-test";
		};
/* End PBXNativeTarget section */

/* Begin PBXProject section */
		4B15621C2C153084001A0F57 /* Project object */ = {
			isa = PBXProject;
			attributes = {
				BuildIndependentTargetsInParallel = 1;
				LastSwiftUpdateCheck = 1600;
				LastUpgradeCheck = 1540;
				TargetAttributes = {
					4B1562232C153084001A0F57 = {
						CreatedOnToolsVersion = 15.4;
					};
					4BA9CD7F2C65298F009FB355 = {
						CreatedOnToolsVersion = 16.0;
						TestTargetID = 4B1562232C153084001A0F57;
					};
				};
			};
			buildConfigurationList = 4B15621F2C153084001A0F57 /* Build configuration list for PBXProject "ExpensePal" */;
			compatibilityVersion = "Xcode 14.0";
			developmentRegion = en;
			hasScannedForEncodings = 0;
			knownRegions = (
				en,
				Base,
			);
			mainGroup = 4B15621B2C153084001A0F57;
			packageReferences = (
				4B47FB212C1F87E8006457E3 /* XCRemoteSwiftPackageReference "EmojiPicker" */,
				4B79DD332C3CF9BF00B62F9C /* XCRemoteSwiftPackageReference "SwipeActions" */,
				4B865CF62C582FBA000E799B /* XCRemoteSwiftPackageReference "generative-ai-swift" */,
			);
			productRefGroup = 4B1562252C153084001A0F57 /* Products */;
			projectDirPath = "";
			projectRoot = "";
			targets = (
				4B1562232C153084001A0F57 /* ExpensePal */,
				4BA9CD7F2C65298F009FB355 /* ExpensePalTests */,
			);
		};
/* End PBXProject section */

/* Begin PBXResourcesBuildPhase section */
		4B1562222C153084001A0F57 /* Resources */ = {
			isa = PBXResourcesBuildPhase;
			buildActionMask = 2147483647;
			files = (
				4BA9CD7B2C650A20009FB355 /* prod.xcconfig in Resources */,
				4B15622F2C153086001A0F57 /* Preview Assets.xcassets in Resources */,
				4B15622C2C153086001A0F57 /* Assets.xcassets in Resources */,
				4B865CFC2C58387D000E799B /* GenerativeAI-Info.plist in Resources */,
				4BA9CD792C6509ED009FB355 /* dev.xcconfig in Resources */,
				4B47FB4D2C221C26006457E3 /* ExpensesMockData.json in Resources */,
			);
			runOnlyForDeploymentPostprocessing = 0;
		};
		4BA9CD7E2C65298F009FB355 /* Resources */ = {
			isa = PBXResourcesBuildPhase;
			buildActionMask = 2147483647;
			files = (
			);
			runOnlyForDeploymentPostprocessing = 0;
		};
/* End PBXResourcesBuildPhase section */

/* Begin PBXSourcesBuildPhase section */
		4B1562202C153084001A0F57 /* Sources */ = {
			isa = PBXSourcesBuildPhase;
			buildActionMask = 2147483647;
			files = (
				4B865CF52C580108000E799B /* ExtractedReceiptDetails.swift in Sources */,
				4B47FB252C1F8A47006457E3 /* LimitedEmojiProvider.swift in Sources */,
				4BE52ED22C1F48C9002CF094 /* Expense.swift in Sources */,
				4B79DD302C3A316B00B62F9C /* BarChartPresenterViewModel.swift in Sources */,
				4B15623D2C167DCE001A0F57 /* DashboardView.swift in Sources */,
				4B1562282C153084001A0F57 /* ExpensePalApp.swift in Sources */,
				4B1562432C167E14001A0F57 /* SettingsView.swift in Sources */,
				4BE52ED02C1F4852002CF094 /* MockData.swift in Sources */,
				4BBE0AA72C1810B00097392F /* FilterHeaderView.swift in Sources */,
				4B3377752C41B2D50046D86A /* AddExpenseViewModel.swift in Sources */,
				4BEF3A042C30FE02000F9A63 /* HomeChartRefactored.swift in Sources */,
				4BEF4ABC2C1F4AF700CFD46A /* DashboardViewModel.swift in Sources */,
				4B1562492C16871C001A0F57 /* AppEnums.swift in Sources */,
				4B79DD322C3A32C200B62F9C /* ChartComponentView.swift in Sources */,
				4B47FB482C21FF53006457E3 /* LinePlotEntry.swift in Sources */,
				4B865CFA2C58339E000E799B /* APIKeyGenAI.swift in Sources */,
				4B47FB432C20B83C006457E3 /* PreviewData.swift in Sources */,
				4BF317E72C23344D00DC378B /* QueryFetchHelpers.swift in Sources */,
				4BF317F42C27B77700DC378B /* DarkModeViewModifier.swift in Sources */,
				4B1562472C1682AF001A0F57 /* HomeTabView.swift in Sources */,
				4B865D132C5957B2000E799B /* LaunchScreen.swift in Sources */,
				4B865CFE2C583DE4000E799B /* GenAIResponse.swift in Sources */,
				4BE52EC92C1E6E20002CF094 /* CustomTabBar.swift in Sources */,
				4B47FB202C1F773D006457E3 /* KeyPad.swift in Sources */,
				4B865CEE2C570C0F000E799B /* VNDocumentViewControllerRepresentable.swift in Sources */,
				4B47FB1A2C1F662B006457E3 /* AddExpenseView.swift in Sources */,
				4B9EAD672C19410100A455AD /* TestView.swift in Sources */,
				4B47FB1C2C1F68D3006457E3 /* RoundedStrokeButton.swift in Sources */,
				4BF317EA2C23AA3F00DC378B /* Extensions.swift in Sources */,
				4B79DD2E2C3A2C7200B62F9C /* BarChartPresenter.swift in Sources */,
				4BF317EC2C274BE600DC378B /* ExpenseSearchView.swift in Sources */,
				4BEF3A062C30FEE8000F9A63 /* HomeChartRefactoredModel.swift in Sources */,
				4BF317EE2C275F0D00DC378B /* ExpenseList.swift in Sources */,
				4B1562412C167E05001A0F57 /* ExpenseChartView.swift in Sources */,
				4B15623F2C167DED001A0F57 /* ExpenseListView.swift in Sources */,
				4BE52ECB2C1EA724002CF094 /* ExpenseListCell.swift in Sources */,
			);
			runOnlyForDeploymentPostprocessing = 0;
		};
		4BA9CD7C2C65298F009FB355 /* Sources */ = {
			isa = PBXSourcesBuildPhase;
			buildActionMask = 2147483647;
			files = (
			);
			runOnlyForDeploymentPostprocessing = 0;
		};
/* End PBXSourcesBuildPhase section */

/* Begin PBXTargetDependency section */
		4BA9CD852C65298F009FB355 /* PBXTargetDependency */ = {
			isa = PBXTargetDependency;
			target = 4B1562232C153084001A0F57 /* ExpensePal */;
			targetProxy = 4BA9CD842C65298F009FB355 /* PBXContainerItemProxy */;
		};
/* End PBXTargetDependency section */

/* Begin XCBuildConfiguration section */
		4B1562302C153086001A0F57 /* Debug */ = {
			isa = XCBuildConfiguration;
			buildSettings = {
				ALWAYS_SEARCH_USER_PATHS = NO;
				ASSETCATALOG_COMPILER_GENERATE_SWIFT_ASSET_SYMBOL_EXTENSIONS = YES;
				CLANG_ANALYZER_NONNULL = YES;
				CLANG_ANALYZER_NUMBER_OBJECT_CONVERSION = YES_AGGRESSIVE;
				CLANG_CXX_LANGUAGE_STANDARD = "gnu++20";
				CLANG_ENABLE_MODULES = YES;
				CLANG_ENABLE_OBJC_ARC = YES;
				CLANG_ENABLE_OBJC_WEAK = YES;
				CLANG_WARN_BLOCK_CAPTURE_AUTORELEASING = YES;
				CLANG_WARN_BOOL_CONVERSION = YES;
				CLANG_WARN_COMMA = YES;
				CLANG_WARN_CONSTANT_CONVERSION = YES;
				CLANG_WARN_DEPRECATED_OBJC_IMPLEMENTATIONS = YES;
				CLANG_WARN_DIRECT_OBJC_ISA_USAGE = YES_ERROR;
				CLANG_WARN_DOCUMENTATION_COMMENTS = YES;
				CLANG_WARN_EMPTY_BODY = YES;
				CLANG_WARN_ENUM_CONVERSION = YES;
				CLANG_WARN_INFINITE_RECURSION = YES;
				CLANG_WARN_INT_CONVERSION = YES;
				CLANG_WARN_NON_LITERAL_NULL_CONVERSION = YES;
				CLANG_WARN_OBJC_IMPLICIT_RETAIN_SELF = YES;
				CLANG_WARN_OBJC_LITERAL_CONVERSION = YES;
				CLANG_WARN_OBJC_ROOT_CLASS = YES_ERROR;
				CLANG_WARN_QUOTED_INCLUDE_IN_FRAMEWORK_HEADER = YES;
				CLANG_WARN_RANGE_LOOP_ANALYSIS = YES;
				CLANG_WARN_STRICT_PROTOTYPES = YES;
				CLANG_WARN_SUSPICIOUS_MOVE = YES;
				CLANG_WARN_UNGUARDED_AVAILABILITY = YES_AGGRESSIVE;
				CLANG_WARN_UNREACHABLE_CODE = YES;
				CLANG_WARN__DUPLICATE_METHOD_MATCH = YES;
				COPY_PHASE_STRIP = NO;
				DEBUG_INFORMATION_FORMAT = dwarf;
				ENABLE_STRICT_OBJC_MSGSEND = YES;
				ENABLE_TESTABILITY = YES;
				ENABLE_USER_SCRIPT_SANDBOXING = YES;
				GCC_C_LANGUAGE_STANDARD = gnu17;
				GCC_DYNAMIC_NO_PIC = NO;
				GCC_NO_COMMON_BLOCKS = YES;
				GCC_OPTIMIZATION_LEVEL = 0;
				GCC_PREPROCESSOR_DEFINITIONS = (
					"DEBUG=1",
					"$(inherited)",
				);
				GCC_WARN_64_TO_32_BIT_CONVERSION = YES;
				GCC_WARN_ABOUT_RETURN_TYPE = YES_ERROR;
				GCC_WARN_UNDECLARED_SELECTOR = YES;
				GCC_WARN_UNINITIALIZED_AUTOS = YES_AGGRESSIVE;
				GCC_WARN_UNUSED_FUNCTION = YES;
				GCC_WARN_UNUSED_VARIABLE = YES;
				IPHONEOS_DEPLOYMENT_TARGET = 17.0;
				LOCALIZATION_PREFERS_STRING_CATALOGS = YES;
				MTL_ENABLE_DEBUG_INFO = INCLUDE_SOURCE;
				MTL_FAST_MATH = YES;
				ONLY_ACTIVE_ARCH = YES;
				SDKROOT = iphoneos;
				SWIFT_ACTIVE_COMPILATION_CONDITIONS = "DEBUG $(inherited)";
				SWIFT_OPTIMIZATION_LEVEL = "-Onone";
			};
			name = Debug;
		};
		4B1562312C153086001A0F57 /* Release */ = {
			isa = XCBuildConfiguration;
			buildSettings = {
				ALWAYS_SEARCH_USER_PATHS = NO;
				ASSETCATALOG_COMPILER_GENERATE_SWIFT_ASSET_SYMBOL_EXTENSIONS = YES;
				CLANG_ANALYZER_NONNULL = YES;
				CLANG_ANALYZER_NUMBER_OBJECT_CONVERSION = YES_AGGRESSIVE;
				CLANG_CXX_LANGUAGE_STANDARD = "gnu++20";
				CLANG_ENABLE_MODULES = YES;
				CLANG_ENABLE_OBJC_ARC = YES;
				CLANG_ENABLE_OBJC_WEAK = YES;
				CLANG_WARN_BLOCK_CAPTURE_AUTORELEASING = YES;
				CLANG_WARN_BOOL_CONVERSION = YES;
				CLANG_WARN_COMMA = YES;
				CLANG_WARN_CONSTANT_CONVERSION = YES;
				CLANG_WARN_DEPRECATED_OBJC_IMPLEMENTATIONS = YES;
				CLANG_WARN_DIRECT_OBJC_ISA_USAGE = YES_ERROR;
				CLANG_WARN_DOCUMENTATION_COMMENTS = YES;
				CLANG_WARN_EMPTY_BODY = YES;
				CLANG_WARN_ENUM_CONVERSION = YES;
				CLANG_WARN_INFINITE_RECURSION = YES;
				CLANG_WARN_INT_CONVERSION = YES;
				CLANG_WARN_NON_LITERAL_NULL_CONVERSION = YES;
				CLANG_WARN_OBJC_IMPLICIT_RETAIN_SELF = YES;
				CLANG_WARN_OBJC_LITERAL_CONVERSION = YES;
				CLANG_WARN_OBJC_ROOT_CLASS = YES_ERROR;
				CLANG_WARN_QUOTED_INCLUDE_IN_FRAMEWORK_HEADER = YES;
				CLANG_WARN_RANGE_LOOP_ANALYSIS = YES;
				CLANG_WARN_STRICT_PROTOTYPES = YES;
				CLANG_WARN_SUSPICIOUS_MOVE = YES;
				CLANG_WARN_UNGUARDED_AVAILABILITY = YES_AGGRESSIVE;
				CLANG_WARN_UNREACHABLE_CODE = YES;
				CLANG_WARN__DUPLICATE_METHOD_MATCH = YES;
				COPY_PHASE_STRIP = NO;
				DEBUG_INFORMATION_FORMAT = "dwarf-with-dsym";
				ENABLE_NS_ASSERTIONS = NO;
				ENABLE_STRICT_OBJC_MSGSEND = YES;
				ENABLE_USER_SCRIPT_SANDBOXING = YES;
				GCC_C_LANGUAGE_STANDARD = gnu17;
				GCC_NO_COMMON_BLOCKS = YES;
				GCC_WARN_64_TO_32_BIT_CONVERSION = YES;
				GCC_WARN_ABOUT_RETURN_TYPE = YES_ERROR;
				GCC_WARN_UNDECLARED_SELECTOR = YES;
				GCC_WARN_UNINITIALIZED_AUTOS = YES_AGGRESSIVE;
				GCC_WARN_UNUSED_FUNCTION = YES;
				GCC_WARN_UNUSED_VARIABLE = YES;
				IPHONEOS_DEPLOYMENT_TARGET = 17.0;
				LOCALIZATION_PREFERS_STRING_CATALOGS = YES;
				MTL_ENABLE_DEBUG_INFO = NO;
				MTL_FAST_MATH = YES;
				SDKROOT = iphoneos;
				SWIFT_COMPILATION_MODE = wholemodule;
				VALIDATE_PRODUCT = YES;
			};
			name = Release;
		};
		4B1562332C153086001A0F57 /* Debug */ = {
			isa = XCBuildConfiguration;
			buildSettings = {
				ASSETCATALOG_COMPILER_APPICON_NAME = AppIcon;
				ASSETCATALOG_COMPILER_GLOBAL_ACCENT_COLOR_NAME = AccentColor;
				CODE_SIGN_ENTITLEMENTS = ExpensePal/ExpensePal.entitlements;
				CODE_SIGN_STYLE = Automatic;
				CURRENT_PROJECT_VERSION = 1;
				DEVELOPMENT_ASSET_PATHS = "\"ExpensePal/Preview Content\"";
				DEVELOPMENT_TEAM = 473BWG9258;
				ENABLE_PREVIEWS = YES;
				GENERATE_INFOPLIST_FILE = YES;
				INFOPLIST_FILE = ExpensePal/Info.plist;
				INFOPLIST_KEY_UIApplicationSceneManifest_Generation = YES;
				INFOPLIST_KEY_UIApplicationSupportsIndirectInputEvents = YES;
				INFOPLIST_KEY_UILaunchScreen_Generation = YES;
				INFOPLIST_KEY_UISupportedInterfaceOrientations_iPad = "UIInterfaceOrientationPortrait UIInterfaceOrientationPortraitUpsideDown UIInterfaceOrientationLandscapeLeft UIInterfaceOrientationLandscapeRight";
				INFOPLIST_KEY_UISupportedInterfaceOrientations_iPhone = "UIInterfaceOrientationPortrait UIInterfaceOrientationLandscapeLeft UIInterfaceOrientationLandscapeRight";
				IPHONEOS_DEPLOYMENT_TARGET = 17.0;
				LD_RUNPATH_SEARCH_PATHS = (
					"$(inherited)",
					"@executable_path/Frameworks",
				);
				MARKETING_VERSION = 1.0;
				PRODUCT_BUNDLE_IDENTIFIER = Gokul.ExpensePal;
				PRODUCT_NAME = "$(TARGET_NAME)";
				SWIFT_EMIT_LOC_STRINGS = YES;
				SWIFT_VERSION = 5.0;
				TARGETED_DEVICE_FAMILY = "1,2";
			};
			name = Debug;
		};
		4B1562342C153086001A0F57 /* Release */ = {
			isa = XCBuildConfiguration;
			buildSettings = {
				ASSETCATALOG_COMPILER_APPICON_NAME = AppIcon;
				ASSETCATALOG_COMPILER_GLOBAL_ACCENT_COLOR_NAME = AccentColor;
				CODE_SIGN_ENTITLEMENTS = ExpensePal/ExpensePal.entitlements;
				CODE_SIGN_STYLE = Automatic;
				CURRENT_PROJECT_VERSION = 1;
				DEVELOPMENT_ASSET_PATHS = "\"ExpensePal/Preview Content\"";
				DEVELOPMENT_TEAM = 473BWG9258;
				ENABLE_PREVIEWS = YES;
				GENERATE_INFOPLIST_FILE = YES;
				INFOPLIST_FILE = ExpensePal/Info.plist;
				INFOPLIST_KEY_UIApplicationSceneManifest_Generation = YES;
				INFOPLIST_KEY_UIApplicationSupportsIndirectInputEvents = YES;
				INFOPLIST_KEY_UILaunchScreen_Generation = YES;
				INFOPLIST_KEY_UISupportedInterfaceOrientations_iPad = "UIInterfaceOrientationPortrait UIInterfaceOrientationPortraitUpsideDown UIInterfaceOrientationLandscapeLeft UIInterfaceOrientationLandscapeRight";
				INFOPLIST_KEY_UISupportedInterfaceOrientations_iPhone = "UIInterfaceOrientationPortrait UIInterfaceOrientationLandscapeLeft UIInterfaceOrientationLandscapeRight";
				IPHONEOS_DEPLOYMENT_TARGET = 17.0;
				LD_RUNPATH_SEARCH_PATHS = (
					"$(inherited)",
					"@executable_path/Frameworks",
				);
				MARKETING_VERSION = 1.0;
				PRODUCT_BUNDLE_IDENTIFIER = Gokul.ExpensePal;
				PRODUCT_NAME = "$(TARGET_NAME)";
				SWIFT_EMIT_LOC_STRINGS = YES;
				SWIFT_VERSION = 5.0;
				TARGETED_DEVICE_FAMILY = "1,2";
			};
			name = Release;
		};
		4BA9CD702C650796009FB355 /* Debug(Dev) */ = {
			isa = XCBuildConfiguration;
			baseConfigurationReference = 4BA9CD782C6509C4009FB355 /* dev.xcconfig */;
			buildSettings = {
				ALWAYS_SEARCH_USER_PATHS = NO;
				ASSETCATALOG_COMPILER_GENERATE_SWIFT_ASSET_SYMBOL_EXTENSIONS = YES;
				CLANG_ANALYZER_NONNULL = YES;
				CLANG_ANALYZER_NUMBER_OBJECT_CONVERSION = YES_AGGRESSIVE;
				CLANG_CXX_LANGUAGE_STANDARD = "gnu++20";
				CLANG_ENABLE_MODULES = YES;
				CLANG_ENABLE_OBJC_ARC = YES;
				CLANG_ENABLE_OBJC_WEAK = YES;
				CLANG_WARN_BLOCK_CAPTURE_AUTORELEASING = YES;
				CLANG_WARN_BOOL_CONVERSION = YES;
				CLANG_WARN_COMMA = YES;
				CLANG_WARN_CONSTANT_CONVERSION = YES;
				CLANG_WARN_DEPRECATED_OBJC_IMPLEMENTATIONS = YES;
				CLANG_WARN_DIRECT_OBJC_ISA_USAGE = YES_ERROR;
				CLANG_WARN_DOCUMENTATION_COMMENTS = YES;
				CLANG_WARN_EMPTY_BODY = YES;
				CLANG_WARN_ENUM_CONVERSION = YES;
				CLANG_WARN_INFINITE_RECURSION = YES;
				CLANG_WARN_INT_CONVERSION = YES;
				CLANG_WARN_NON_LITERAL_NULL_CONVERSION = YES;
				CLANG_WARN_OBJC_IMPLICIT_RETAIN_SELF = YES;
				CLANG_WARN_OBJC_LITERAL_CONVERSION = YES;
				CLANG_WARN_OBJC_ROOT_CLASS = YES_ERROR;
				CLANG_WARN_QUOTED_INCLUDE_IN_FRAMEWORK_HEADER = YES;
				CLANG_WARN_RANGE_LOOP_ANALYSIS = YES;
				CLANG_WARN_STRICT_PROTOTYPES = YES;
				CLANG_WARN_SUSPICIOUS_MOVE = YES;
				CLANG_WARN_UNGUARDED_AVAILABILITY = YES_AGGRESSIVE;
				CLANG_WARN_UNREACHABLE_CODE = YES;
				CLANG_WARN__DUPLICATE_METHOD_MATCH = YES;
				COPY_PHASE_STRIP = NO;
				DEBUG_INFORMATION_FORMAT = dwarf;
				ENABLE_STRICT_OBJC_MSGSEND = YES;
				ENABLE_TESTABILITY = YES;
				ENABLE_USER_SCRIPT_SANDBOXING = YES;
				GCC_C_LANGUAGE_STANDARD = gnu17;
				GCC_DYNAMIC_NO_PIC = NO;
				GCC_NO_COMMON_BLOCKS = YES;
				GCC_OPTIMIZATION_LEVEL = 0;
				GCC_PREPROCESSOR_DEFINITIONS = (
					"DEBUG=1",
					"$(inherited)",
				);
				GCC_WARN_64_TO_32_BIT_CONVERSION = YES;
				GCC_WARN_ABOUT_RETURN_TYPE = YES_ERROR;
				GCC_WARN_UNDECLARED_SELECTOR = YES;
				GCC_WARN_UNINITIALIZED_AUTOS = YES_AGGRESSIVE;
				GCC_WARN_UNUSED_FUNCTION = YES;
				GCC_WARN_UNUSED_VARIABLE = YES;
				IPHONEOS_DEPLOYMENT_TARGET = 17.0;
				LOCALIZATION_PREFERS_STRING_CATALOGS = YES;
				MTL_ENABLE_DEBUG_INFO = INCLUDE_SOURCE;
				MTL_FAST_MATH = YES;
				ONLY_ACTIVE_ARCH = YES;
				SDKROOT = iphoneos;
				SWIFT_ACTIVE_COMPILATION_CONDITIONS = "DEBUG $(inherited)";
				SWIFT_OPTIMIZATION_LEVEL = "-Onone";
			};
			name = "Debug(Dev)";
		};
		4BA9CD712C650796009FB355 /* Debug(Dev) */ = {
			isa = XCBuildConfiguration;
			buildSettings = {
				ASSETCATALOG_COMPILER_APPICON_NAME = "$(AppIcon)";
				ASSETCATALOG_COMPILER_GLOBAL_ACCENT_COLOR_NAME = AccentColor;
				CODE_SIGN_ENTITLEMENTS = ExpensePal/ExpensePal.entitlements;
				CODE_SIGN_STYLE = Automatic;
				CURRENT_PROJECT_VERSION = 1;
				DEVELOPMENT_ASSET_PATHS = "\"ExpensePal/Preview Content\"";
				DEVELOPMENT_TEAM = 473BWG9258;
				ENABLE_PREVIEWS = YES;
				GENERATE_INFOPLIST_FILE = YES;
				INFOPLIST_FILE = ExpensePal/Info.plist;
				INFOPLIST_KEY_UIApplicationSceneManifest_Generation = YES;
				INFOPLIST_KEY_UIApplicationSupportsIndirectInputEvents = YES;
				INFOPLIST_KEY_UILaunchScreen_Generation = YES;
				INFOPLIST_KEY_UISupportedInterfaceOrientations_iPad = "UIInterfaceOrientationPortrait UIInterfaceOrientationPortraitUpsideDown UIInterfaceOrientationLandscapeLeft UIInterfaceOrientationLandscapeRight";
				INFOPLIST_KEY_UISupportedInterfaceOrientations_iPhone = "UIInterfaceOrientationPortrait UIInterfaceOrientationLandscapeLeft UIInterfaceOrientationLandscapeRight";
				IPHONEOS_DEPLOYMENT_TARGET = 17.0;
				LD_RUNPATH_SEARCH_PATHS = (
					"$(inherited)",
					"@executable_path/Frameworks",
				);
				MARKETING_VERSION = 1.0;
				PRODUCT_BUNDLE_IDENTIFIER = "$(app_bundle_identifier)";
				PRODUCT_NAME = "$(TARGET_NAME)";
				SWIFT_EMIT_LOC_STRINGS = YES;
				SWIFT_VERSION = 5.0;
				TARGETED_DEVICE_FAMILY = "1,2";
			};
			name = "Debug(Dev)";
		};
		4BA9CD722C6507C3009FB355 /* Debug (Prod) */ = {
			isa = XCBuildConfiguration;
			baseConfigurationReference = 4BA9CD7A2C650A20009FB355 /* prod.xcconfig */;
			buildSettings = {
				ALWAYS_SEARCH_USER_PATHS = NO;
				ASSETCATALOG_COMPILER_GENERATE_SWIFT_ASSET_SYMBOL_EXTENSIONS = YES;
				CLANG_ANALYZER_NONNULL = YES;
				CLANG_ANALYZER_NUMBER_OBJECT_CONVERSION = YES_AGGRESSIVE;
				CLANG_CXX_LANGUAGE_STANDARD = "gnu++20";
				CLANG_ENABLE_MODULES = YES;
				CLANG_ENABLE_OBJC_ARC = YES;
				CLANG_ENABLE_OBJC_WEAK = YES;
				CLANG_WARN_BLOCK_CAPTURE_AUTORELEASING = YES;
				CLANG_WARN_BOOL_CONVERSION = YES;
				CLANG_WARN_COMMA = YES;
				CLANG_WARN_CONSTANT_CONVERSION = YES;
				CLANG_WARN_DEPRECATED_OBJC_IMPLEMENTATIONS = YES;
				CLANG_WARN_DIRECT_OBJC_ISA_USAGE = YES_ERROR;
				CLANG_WARN_DOCUMENTATION_COMMENTS = YES;
				CLANG_WARN_EMPTY_BODY = YES;
				CLANG_WARN_ENUM_CONVERSION = YES;
				CLANG_WARN_INFINITE_RECURSION = YES;
				CLANG_WARN_INT_CONVERSION = YES;
				CLANG_WARN_NON_LITERAL_NULL_CONVERSION = YES;
				CLANG_WARN_OBJC_IMPLICIT_RETAIN_SELF = YES;
				CLANG_WARN_OBJC_LITERAL_CONVERSION = YES;
				CLANG_WARN_OBJC_ROOT_CLASS = YES_ERROR;
				CLANG_WARN_QUOTED_INCLUDE_IN_FRAMEWORK_HEADER = YES;
				CLANG_WARN_RANGE_LOOP_ANALYSIS = YES;
				CLANG_WARN_STRICT_PROTOTYPES = YES;
				CLANG_WARN_SUSPICIOUS_MOVE = YES;
				CLANG_WARN_UNGUARDED_AVAILABILITY = YES_AGGRESSIVE;
				CLANG_WARN_UNREACHABLE_CODE = YES;
				CLANG_WARN__DUPLICATE_METHOD_MATCH = YES;
				COPY_PHASE_STRIP = NO;
				DEBUG_INFORMATION_FORMAT = dwarf;
				ENABLE_STRICT_OBJC_MSGSEND = YES;
				ENABLE_TESTABILITY = YES;
				ENABLE_USER_SCRIPT_SANDBOXING = YES;
				GCC_C_LANGUAGE_STANDARD = gnu17;
				GCC_DYNAMIC_NO_PIC = NO;
				GCC_NO_COMMON_BLOCKS = YES;
				GCC_OPTIMIZATION_LEVEL = 0;
				GCC_PREPROCESSOR_DEFINITIONS = (
					"DEBUG=1",
					"$(inherited)",
				);
				GCC_WARN_64_TO_32_BIT_CONVERSION = YES;
				GCC_WARN_ABOUT_RETURN_TYPE = YES_ERROR;
				GCC_WARN_UNDECLARED_SELECTOR = YES;
				GCC_WARN_UNINITIALIZED_AUTOS = YES_AGGRESSIVE;
				GCC_WARN_UNUSED_FUNCTION = YES;
				GCC_WARN_UNUSED_VARIABLE = YES;
				IPHONEOS_DEPLOYMENT_TARGET = 17.0;
				LOCALIZATION_PREFERS_STRING_CATALOGS = YES;
				MTL_ENABLE_DEBUG_INFO = INCLUDE_SOURCE;
				MTL_FAST_MATH = YES;
				ONLY_ACTIVE_ARCH = YES;
				SDKROOT = iphoneos;
				SWIFT_ACTIVE_COMPILATION_CONDITIONS = "DEBUG $(inherited)";
				SWIFT_OPTIMIZATION_LEVEL = "-Onone";
			};
			name = "Debug (Prod)";
		};
		4BA9CD732C6507C3009FB355 /* Debug (Prod) */ = {
			isa = XCBuildConfiguration;
			buildSettings = {
				ASSETCATALOG_COMPILER_APPICON_NAME = "$(AppIcon)";
				ASSETCATALOG_COMPILER_GLOBAL_ACCENT_COLOR_NAME = AccentColor;
				CODE_SIGN_ENTITLEMENTS = ExpensePal/ExpensePal.entitlements;
				CODE_SIGN_STYLE = Automatic;
				CURRENT_PROJECT_VERSION = 1;
				DEVELOPMENT_ASSET_PATHS = "\"ExpensePal/Preview Content\"";
				DEVELOPMENT_TEAM = 473BWG9258;
				ENABLE_PREVIEWS = YES;
				GENERATE_INFOPLIST_FILE = YES;
				INFOPLIST_FILE = ExpensePal/Info.plist;
				INFOPLIST_KEY_UIApplicationSceneManifest_Generation = YES;
				INFOPLIST_KEY_UIApplicationSupportsIndirectInputEvents = YES;
				INFOPLIST_KEY_UILaunchScreen_Generation = YES;
				INFOPLIST_KEY_UISupportedInterfaceOrientations_iPad = "UIInterfaceOrientationPortrait UIInterfaceOrientationPortraitUpsideDown UIInterfaceOrientationLandscapeLeft UIInterfaceOrientationLandscapeRight";
				INFOPLIST_KEY_UISupportedInterfaceOrientations_iPhone = "UIInterfaceOrientationPortrait UIInterfaceOrientationLandscapeLeft UIInterfaceOrientationLandscapeRight";
				IPHONEOS_DEPLOYMENT_TARGET = 17.0;
				LD_RUNPATH_SEARCH_PATHS = (
					"$(inherited)",
					"@executable_path/Frameworks",
				);
				MARKETING_VERSION = 1.0;
				PRODUCT_BUNDLE_IDENTIFIER = "$(app_bundle_identifier)";
				PRODUCT_NAME = "$(TARGET_NAME)";
				SWIFT_EMIT_LOC_STRINGS = YES;
				SWIFT_VERSION = 5.0;
				TARGETED_DEVICE_FAMILY = "1,2";
			};
			name = "Debug (Prod)";
		};
		4BA9CD742C6507E3009FB355 /* Release Dev */ = {
			isa = XCBuildConfiguration;
			buildSettings = {
				ALWAYS_SEARCH_USER_PATHS = NO;
				ASSETCATALOG_COMPILER_GENERATE_SWIFT_ASSET_SYMBOL_EXTENSIONS = YES;
				CLANG_ANALYZER_NONNULL = YES;
				CLANG_ANALYZER_NUMBER_OBJECT_CONVERSION = YES_AGGRESSIVE;
				CLANG_CXX_LANGUAGE_STANDARD = "gnu++20";
				CLANG_ENABLE_MODULES = YES;
				CLANG_ENABLE_OBJC_ARC = YES;
				CLANG_ENABLE_OBJC_WEAK = YES;
				CLANG_WARN_BLOCK_CAPTURE_AUTORELEASING = YES;
				CLANG_WARN_BOOL_CONVERSION = YES;
				CLANG_WARN_COMMA = YES;
				CLANG_WARN_CONSTANT_CONVERSION = YES;
				CLANG_WARN_DEPRECATED_OBJC_IMPLEMENTATIONS = YES;
				CLANG_WARN_DIRECT_OBJC_ISA_USAGE = YES_ERROR;
				CLANG_WARN_DOCUMENTATION_COMMENTS = YES;
				CLANG_WARN_EMPTY_BODY = YES;
				CLANG_WARN_ENUM_CONVERSION = YES;
				CLANG_WARN_INFINITE_RECURSION = YES;
				CLANG_WARN_INT_CONVERSION = YES;
				CLANG_WARN_NON_LITERAL_NULL_CONVERSION = YES;
				CLANG_WARN_OBJC_IMPLICIT_RETAIN_SELF = YES;
				CLANG_WARN_OBJC_LITERAL_CONVERSION = YES;
				CLANG_WARN_OBJC_ROOT_CLASS = YES_ERROR;
				CLANG_WARN_QUOTED_INCLUDE_IN_FRAMEWORK_HEADER = YES;
				CLANG_WARN_RANGE_LOOP_ANALYSIS = YES;
				CLANG_WARN_STRICT_PROTOTYPES = YES;
				CLANG_WARN_SUSPICIOUS_MOVE = YES;
				CLANG_WARN_UNGUARDED_AVAILABILITY = YES_AGGRESSIVE;
				CLANG_WARN_UNREACHABLE_CODE = YES;
				CLANG_WARN__DUPLICATE_METHOD_MATCH = YES;
				COPY_PHASE_STRIP = NO;
				DEBUG_INFORMATION_FORMAT = "dwarf-with-dsym";
				ENABLE_NS_ASSERTIONS = NO;
				ENABLE_STRICT_OBJC_MSGSEND = YES;
				ENABLE_USER_SCRIPT_SANDBOXING = YES;
				GCC_C_LANGUAGE_STANDARD = gnu17;
				GCC_NO_COMMON_BLOCKS = YES;
				GCC_WARN_64_TO_32_BIT_CONVERSION = YES;
				GCC_WARN_ABOUT_RETURN_TYPE = YES_ERROR;
				GCC_WARN_UNDECLARED_SELECTOR = YES;
				GCC_WARN_UNINITIALIZED_AUTOS = YES_AGGRESSIVE;
				GCC_WARN_UNUSED_FUNCTION = YES;
				GCC_WARN_UNUSED_VARIABLE = YES;
				IPHONEOS_DEPLOYMENT_TARGET = 17.0;
				LOCALIZATION_PREFERS_STRING_CATALOGS = YES;
				MTL_ENABLE_DEBUG_INFO = NO;
				MTL_FAST_MATH = YES;
				SDKROOT = iphoneos;
				SWIFT_COMPILATION_MODE = wholemodule;
				VALIDATE_PRODUCT = YES;
			};
			name = "Release Dev";
		};
		4BA9CD752C6507E3009FB355 /* Release Dev */ = {
			isa = XCBuildConfiguration;
			buildSettings = {
				ASSETCATALOG_COMPILER_APPICON_NAME = AppIcon;
				ASSETCATALOG_COMPILER_GLOBAL_ACCENT_COLOR_NAME = AccentColor;
				CODE_SIGN_ENTITLEMENTS = ExpensePal/ExpensePal.entitlements;
				CODE_SIGN_STYLE = Automatic;
				CURRENT_PROJECT_VERSION = 1;
				DEVELOPMENT_ASSET_PATHS = "\"ExpensePal/Preview Content\"";
				DEVELOPMENT_TEAM = 473BWG9258;
				ENABLE_PREVIEWS = YES;
				GENERATE_INFOPLIST_FILE = YES;
				INFOPLIST_FILE = ExpensePal/Info.plist;
				INFOPLIST_KEY_UIApplicationSceneManifest_Generation = YES;
				INFOPLIST_KEY_UIApplicationSupportsIndirectInputEvents = YES;
				INFOPLIST_KEY_UILaunchScreen_Generation = YES;
				INFOPLIST_KEY_UISupportedInterfaceOrientations_iPad = "UIInterfaceOrientationPortrait UIInterfaceOrientationPortraitUpsideDown UIInterfaceOrientationLandscapeLeft UIInterfaceOrientationLandscapeRight";
				INFOPLIST_KEY_UISupportedInterfaceOrientations_iPhone = "UIInterfaceOrientationPortrait UIInterfaceOrientationLandscapeLeft UIInterfaceOrientationLandscapeRight";
				IPHONEOS_DEPLOYMENT_TARGET = 17.0;
				LD_RUNPATH_SEARCH_PATHS = (
					"$(inherited)",
					"@executable_path/Frameworks",
				);
				MARKETING_VERSION = 1.0;
				PRODUCT_BUNDLE_IDENTIFIER = Gokul.ExpensePal;
				PRODUCT_NAME = "$(TARGET_NAME)";
				SWIFT_EMIT_LOC_STRINGS = YES;
				SWIFT_VERSION = 5.0;
				TARGETED_DEVICE_FAMILY = "1,2";
			};
			name = "Release Dev";
		};
		4BA9CD762C6507EB009FB355 /* Release Prod */ = {
			isa = XCBuildConfiguration;
			buildSettings = {
				ALWAYS_SEARCH_USER_PATHS = NO;
				ASSETCATALOG_COMPILER_GENERATE_SWIFT_ASSET_SYMBOL_EXTENSIONS = YES;
				CLANG_ANALYZER_NONNULL = YES;
				CLANG_ANALYZER_NUMBER_OBJECT_CONVERSION = YES_AGGRESSIVE;
				CLANG_CXX_LANGUAGE_STANDARD = "gnu++20";
				CLANG_ENABLE_MODULES = YES;
				CLANG_ENABLE_OBJC_ARC = YES;
				CLANG_ENABLE_OBJC_WEAK = YES;
				CLANG_WARN_BLOCK_CAPTURE_AUTORELEASING = YES;
				CLANG_WARN_BOOL_CONVERSION = YES;
				CLANG_WARN_COMMA = YES;
				CLANG_WARN_CONSTANT_CONVERSION = YES;
				CLANG_WARN_DEPRECATED_OBJC_IMPLEMENTATIONS = YES;
				CLANG_WARN_DIRECT_OBJC_ISA_USAGE = YES_ERROR;
				CLANG_WARN_DOCUMENTATION_COMMENTS = YES;
				CLANG_WARN_EMPTY_BODY = YES;
				CLANG_WARN_ENUM_CONVERSION = YES;
				CLANG_WARN_INFINITE_RECURSION = YES;
				CLANG_WARN_INT_CONVERSION = YES;
				CLANG_WARN_NON_LITERAL_NULL_CONVERSION = YES;
				CLANG_WARN_OBJC_IMPLICIT_RETAIN_SELF = YES;
				CLANG_WARN_OBJC_LITERAL_CONVERSION = YES;
				CLANG_WARN_OBJC_ROOT_CLASS = YES_ERROR;
				CLANG_WARN_QUOTED_INCLUDE_IN_FRAMEWORK_HEADER = YES;
				CLANG_WARN_RANGE_LOOP_ANALYSIS = YES;
				CLANG_WARN_STRICT_PROTOTYPES = YES;
				CLANG_WARN_SUSPICIOUS_MOVE = YES;
				CLANG_WARN_UNGUARDED_AVAILABILITY = YES_AGGRESSIVE;
				CLANG_WARN_UNREACHABLE_CODE = YES;
				CLANG_WARN__DUPLICATE_METHOD_MATCH = YES;
				COPY_PHASE_STRIP = NO;
				DEBUG_INFORMATION_FORMAT = "dwarf-with-dsym";
				ENABLE_NS_ASSERTIONS = NO;
				ENABLE_STRICT_OBJC_MSGSEND = YES;
				ENABLE_USER_SCRIPT_SANDBOXING = YES;
				GCC_C_LANGUAGE_STANDARD = gnu17;
				GCC_NO_COMMON_BLOCKS = YES;
				GCC_WARN_64_TO_32_BIT_CONVERSION = YES;
				GCC_WARN_ABOUT_RETURN_TYPE = YES_ERROR;
				GCC_WARN_UNDECLARED_SELECTOR = YES;
				GCC_WARN_UNINITIALIZED_AUTOS = YES_AGGRESSIVE;
				GCC_WARN_UNUSED_FUNCTION = YES;
				GCC_WARN_UNUSED_VARIABLE = YES;
				IPHONEOS_DEPLOYMENT_TARGET = 17.0;
				LOCALIZATION_PREFERS_STRING_CATALOGS = YES;
				MTL_ENABLE_DEBUG_INFO = NO;
				MTL_FAST_MATH = YES;
				SDKROOT = iphoneos;
				SWIFT_COMPILATION_MODE = wholemodule;
				VALIDATE_PRODUCT = YES;
			};
			name = "Release Prod";
		};
		4BA9CD772C6507EB009FB355 /* Release Prod */ = {
			isa = XCBuildConfiguration;
			buildSettings = {
				ASSETCATALOG_COMPILER_APPICON_NAME = AppIcon;
				ASSETCATALOG_COMPILER_GLOBAL_ACCENT_COLOR_NAME = AccentColor;
				CODE_SIGN_ENTITLEMENTS = ExpensePal/ExpensePal.entitlements;
				CODE_SIGN_STYLE = Automatic;
				CURRENT_PROJECT_VERSION = 1;
				DEVELOPMENT_ASSET_PATHS = "\"ExpensePal/Preview Content\"";
				DEVELOPMENT_TEAM = 473BWG9258;
				ENABLE_PREVIEWS = YES;
				GENERATE_INFOPLIST_FILE = YES;
				INFOPLIST_FILE = ExpensePal/Info.plist;
				INFOPLIST_KEY_UIApplicationSceneManifest_Generation = YES;
				INFOPLIST_KEY_UIApplicationSupportsIndirectInputEvents = YES;
				INFOPLIST_KEY_UILaunchScreen_Generation = YES;
				INFOPLIST_KEY_UISupportedInterfaceOrientations_iPad = "UIInterfaceOrientationPortrait UIInterfaceOrientationPortraitUpsideDown UIInterfaceOrientationLandscapeLeft UIInterfaceOrientationLandscapeRight";
				INFOPLIST_KEY_UISupportedInterfaceOrientations_iPhone = "UIInterfaceOrientationPortrait UIInterfaceOrientationLandscapeLeft UIInterfaceOrientationLandscapeRight";
				IPHONEOS_DEPLOYMENT_TARGET = 17.0;
				LD_RUNPATH_SEARCH_PATHS = (
					"$(inherited)",
					"@executable_path/Frameworks",
				);
				MARKETING_VERSION = 1.0;
				PRODUCT_BUNDLE_IDENTIFIER = Gokul.ExpensePal;
				PRODUCT_NAME = "$(TARGET_NAME)";
				SWIFT_EMIT_LOC_STRINGS = YES;
				SWIFT_VERSION = 5.0;
				TARGETED_DEVICE_FAMILY = "1,2";
			};
			name = "Release Prod";
		};
		4BA9CD872C65298F009FB355 /* Debug */ = {
			isa = XCBuildConfiguration;
			buildSettings = {
				BUNDLE_LOADER = "$(TEST_HOST)";
				CODE_SIGN_STYLE = Automatic;
				CURRENT_PROJECT_VERSION = 1;
				DEVELOPMENT_TEAM = HS7B23PJ7S;
				GENERATE_INFOPLIST_FILE = YES;
				IPHONEOS_DEPLOYMENT_TARGET = 18.0;
				MARKETING_VERSION = 1.0;
				PRODUCT_BUNDLE_IDENTIFIER = Gokul.ExpensePalTests;
				PRODUCT_NAME = "$(TARGET_NAME)";
				SWIFT_EMIT_LOC_STRINGS = NO;
				SWIFT_VERSION = 5.0;
				TARGETED_DEVICE_FAMILY = "1,2";
				TEST_HOST = "$(BUILT_PRODUCTS_DIR)/ExpensePal.app/$(BUNDLE_EXECUTABLE_FOLDER_PATH)/ExpensePal";
			};
			name = Debug;
		};
		4BA9CD882C65298F009FB355 /* Debug (Prod) */ = {
			isa = XCBuildConfiguration;
			buildSettings = {
				BUNDLE_LOADER = "$(TEST_HOST)";
				CODE_SIGN_STYLE = Automatic;
				CURRENT_PROJECT_VERSION = 1;
				DEVELOPMENT_TEAM = HS7B23PJ7S;
				GENERATE_INFOPLIST_FILE = YES;
				IPHONEOS_DEPLOYMENT_TARGET = 18.0;
				MARKETING_VERSION = 1.0;
				PRODUCT_BUNDLE_IDENTIFIER = Gokul.ExpensePalTests;
				PRODUCT_NAME = "$(TARGET_NAME)";
				SWIFT_EMIT_LOC_STRINGS = NO;
				SWIFT_VERSION = 5.0;
				TARGETED_DEVICE_FAMILY = "1,2";
				TEST_HOST = "$(BUILT_PRODUCTS_DIR)/ExpensePal.app/$(BUNDLE_EXECUTABLE_FOLDER_PATH)/ExpensePal";
			};
			name = "Debug (Prod)";
		};
		4BA9CD892C65298F009FB355 /* Debug(Dev) */ = {
			isa = XCBuildConfiguration;
			buildSettings = {
				BUNDLE_LOADER = "$(TEST_HOST)";
				CODE_SIGN_STYLE = Automatic;
				CURRENT_PROJECT_VERSION = 1;
				DEVELOPMENT_TEAM = HS7B23PJ7S;
				GENERATE_INFOPLIST_FILE = YES;
				IPHONEOS_DEPLOYMENT_TARGET = 18.0;
				MARKETING_VERSION = 1.0;
				PRODUCT_BUNDLE_IDENTIFIER = Gokul.ExpensePalTests;
				PRODUCT_NAME = "$(TARGET_NAME)";
				SWIFT_EMIT_LOC_STRINGS = NO;
				SWIFT_VERSION = 5.0;
				TARGETED_DEVICE_FAMILY = "1,2";
				TEST_HOST = "$(BUILT_PRODUCTS_DIR)/ExpensePal.app/$(BUNDLE_EXECUTABLE_FOLDER_PATH)/ExpensePal";
			};
			name = "Debug(Dev)";
		};
		4BA9CD8A2C65298F009FB355 /* Release */ = {
			isa = XCBuildConfiguration;
			buildSettings = {
				BUNDLE_LOADER = "$(TEST_HOST)";
				CODE_SIGN_STYLE = Automatic;
				CURRENT_PROJECT_VERSION = 1;
				DEVELOPMENT_TEAM = HS7B23PJ7S;
				GENERATE_INFOPLIST_FILE = YES;
				IPHONEOS_DEPLOYMENT_TARGET = 18.0;
				MARKETING_VERSION = 1.0;
				PRODUCT_BUNDLE_IDENTIFIER = Gokul.ExpensePalTests;
				PRODUCT_NAME = "$(TARGET_NAME)";
				SWIFT_EMIT_LOC_STRINGS = NO;
				SWIFT_VERSION = 5.0;
				TARGETED_DEVICE_FAMILY = "1,2";
				TEST_HOST = "$(BUILT_PRODUCTS_DIR)/ExpensePal.app/$(BUNDLE_EXECUTABLE_FOLDER_PATH)/ExpensePal";
			};
			name = Release;
		};
		4BA9CD8B2C65298F009FB355 /* Release Prod */ = {
			isa = XCBuildConfiguration;
			buildSettings = {
				BUNDLE_LOADER = "$(TEST_HOST)";
				CODE_SIGN_STYLE = Automatic;
				CURRENT_PROJECT_VERSION = 1;
				DEVELOPMENT_TEAM = HS7B23PJ7S;
				GENERATE_INFOPLIST_FILE = YES;
				IPHONEOS_DEPLOYMENT_TARGET = 18.0;
				MARKETING_VERSION = 1.0;
				PRODUCT_BUNDLE_IDENTIFIER = Gokul.ExpensePalTests;
				PRODUCT_NAME = "$(TARGET_NAME)";
				SWIFT_EMIT_LOC_STRINGS = NO;
				SWIFT_VERSION = 5.0;
				TARGETED_DEVICE_FAMILY = "1,2";
				TEST_HOST = "$(BUILT_PRODUCTS_DIR)/ExpensePal.app/$(BUNDLE_EXECUTABLE_FOLDER_PATH)/ExpensePal";
			};
			name = "Release Prod";
		};
		4BA9CD8C2C65298F009FB355 /* Release Dev */ = {
			isa = XCBuildConfiguration;
			buildSettings = {
				BUNDLE_LOADER = "$(TEST_HOST)";
				CODE_SIGN_STYLE = Automatic;
				CURRENT_PROJECT_VERSION = 1;
				DEVELOPMENT_TEAM = HS7B23PJ7S;
				GENERATE_INFOPLIST_FILE = YES;
				IPHONEOS_DEPLOYMENT_TARGET = 18.0;
				MARKETING_VERSION = 1.0;
				PRODUCT_BUNDLE_IDENTIFIER = Gokul.ExpensePalTests;
				PRODUCT_NAME = "$(TARGET_NAME)";
				SWIFT_EMIT_LOC_STRINGS = NO;
				SWIFT_VERSION = 5.0;
				TARGETED_DEVICE_FAMILY = "1,2";
				TEST_HOST = "$(BUILT_PRODUCTS_DIR)/ExpensePal.app/$(BUNDLE_EXECUTABLE_FOLDER_PATH)/ExpensePal";
			};
			name = "Release Dev";
		};
/* End XCBuildConfiguration section */

/* Begin XCConfigurationList section */
		4B15621F2C153084001A0F57 /* Build configuration list for PBXProject "ExpensePal" */ = {
			isa = XCConfigurationList;
			buildConfigurations = (
				4B1562302C153086001A0F57 /* Debug */,
				4BA9CD722C6507C3009FB355 /* Debug (Prod) */,
				4BA9CD702C650796009FB355 /* Debug(Dev) */,
				4B1562312C153086001A0F57 /* Release */,
				4BA9CD762C6507EB009FB355 /* Release Prod */,
				4BA9CD742C6507E3009FB355 /* Release Dev */,
			);
			defaultConfigurationIsVisible = 0;
			defaultConfigurationName = Release;
		};
		4B1562322C153086001A0F57 /* Build configuration list for PBXNativeTarget "ExpensePal" */ = {
			isa = XCConfigurationList;
			buildConfigurations = (
				4B1562332C153086001A0F57 /* Debug */,
				4BA9CD732C6507C3009FB355 /* Debug (Prod) */,
				4BA9CD712C650796009FB355 /* Debug(Dev) */,
				4B1562342C153086001A0F57 /* Release */,
				4BA9CD772C6507EB009FB355 /* Release Prod */,
				4BA9CD752C6507E3009FB355 /* Release Dev */,
			);
			defaultConfigurationIsVisible = 0;
			defaultConfigurationName = Release;
		};
		4BA9CD862C65298F009FB355 /* Build configuration list for PBXNativeTarget "ExpensePalTests" */ = {
			isa = XCConfigurationList;
			buildConfigurations = (
				4BA9CD872C65298F009FB355 /* Debug */,
				4BA9CD882C65298F009FB355 /* Debug (Prod) */,
				4BA9CD892C65298F009FB355 /* Debug(Dev) */,
				4BA9CD8A2C65298F009FB355 /* Release */,
				4BA9CD8B2C65298F009FB355 /* Release Prod */,
				4BA9CD8C2C65298F009FB355 /* Release Dev */,
			);
			defaultConfigurationIsVisible = 0;
			defaultConfigurationName = Release;
		};
/* End XCConfigurationList section */

/* Begin XCRemoteSwiftPackageReference section */
		4B47FB212C1F87E8006457E3 /* XCRemoteSwiftPackageReference "EmojiPicker" */ = {
			isa = XCRemoteSwiftPackageReference;
			repositoryURL = "https://github.com/Kelvas09/EmojiPicker.git";
			requirement = {
				kind = upToNextMajorVersion;
				minimumVersion = 1.0.1;
			};
		};
		4B79DD332C3CF9BF00B62F9C /* XCRemoteSwiftPackageReference "SwipeActions" */ = {
			isa = XCRemoteSwiftPackageReference;
			repositoryURL = "https://github.com/c-villain/SwipeActions";
			requirement = {
				kind = upToNextMajorVersion;
				minimumVersion = 0.3.5;
			};
		};
		4B865CF62C582FBA000E799B /* XCRemoteSwiftPackageReference "generative-ai-swift" */ = {
			isa = XCRemoteSwiftPackageReference;
			repositoryURL = "https://github.com/google/generative-ai-swift";
			requirement = {
				kind = upToNextMajorVersion;
				minimumVersion = 0.5.4;
			};
		};
/* End XCRemoteSwiftPackageReference section */

/* Begin XCSwiftPackageProductDependency section */
		4B47FB222C1F87E8006457E3 /* EmojiPicker */ = {
			isa = XCSwiftPackageProductDependency;
			package = 4B47FB212C1F87E8006457E3 /* XCRemoteSwiftPackageReference "EmojiPicker" */;
			productName = EmojiPicker;
		};
		4B79DD342C3CF9BF00B62F9C /* SwipeActions */ = {
			isa = XCSwiftPackageProductDependency;
			package = 4B79DD332C3CF9BF00B62F9C /* XCRemoteSwiftPackageReference "SwipeActions" */;
			productName = SwipeActions;
		};
		4B865CF72C582FBA000E799B /* GoogleGenerativeAI */ = {
			isa = XCSwiftPackageProductDependency;
			package = 4B865CF62C582FBA000E799B /* XCRemoteSwiftPackageReference "generative-ai-swift" */;
			productName = GoogleGenerativeAI;
		};
/* End XCSwiftPackageProductDependency section */
	};
	rootObject = 4B15621C2C153084001A0F57 /* Project object */;
}
